// !$*UTF8*$!
{
	archiveVersion = 1;
	classes = {
	};
	objectVersion = 55;
	objects = {

/* Begin PBXBuildFile section */
		883306F927BA071300FBC1EC /* FirstAppApp.swift in Sources */ = {isa = PBXBuildFile; fileRef = 883306F827BA071300FBC1EC /* FirstAppApp.swift */; };
		883306FB27BA071300FBC1EC /* ContentView.swift in Sources */ = {isa = PBXBuildFile; fileRef = 883306FA27BA071300FBC1EC /* ContentView.swift */; };
		883306FD27BA071600FBC1EC /* Assets.xcassets in Resources */ = {isa = PBXBuildFile; fileRef = 883306FC27BA071600FBC1EC /* Assets.xcassets */; };
		8833070027BA071600FBC1EC /* Preview Assets.xcassets in Resources */ = {isa = PBXBuildFile; fileRef = 883306FF27BA071600FBC1EC /* Preview Assets.xcassets */; };
		8833070A27BA071600FBC1EC /* FirstAppTests.swift in Sources */ = {isa = PBXBuildFile; fileRef = 8833070927BA071600FBC1EC /* FirstAppTests.swift */; };
		8833071427BA071600FBC1EC /* FirstAppUITests.swift in Sources */ = {isa = PBXBuildFile; fileRef = 8833071327BA071600FBC1EC /* FirstAppUITests.swift */; };
		8833071627BA071600FBC1EC /* FirstAppUITestsLaunchTests.swift in Sources */ = {isa = PBXBuildFile; fileRef = 8833071527BA071600FBC1EC /* FirstAppUITestsLaunchTests.swift */; };
		8833072727BA0AA900FBC1EC /* WelcomeView.swift in Sources */ = {isa = PBXBuildFile; fileRef = 8833072627BA0AA900FBC1EC /* WelcomeView.swift */; };
		8833072927BA0ABF00FBC1EC /* ExerciseView.swift in Sources */ = {isa = PBXBuildFile; fileRef = 8833072827BA0ABF00FBC1EC /* ExerciseView.swift */; };
		8833072C27BA0BCB00FBC1EC /* sparky.m4v in Resources */ = {isa = PBXBuildFile; fileRef = 8833072B27BA0BCB00FBC1EC /* sparky.m4v */; };
		8833072E27BA152A00FBC1EC /* HeaderView.swift in Sources */ = {isa = PBXBuildFile; fileRef = 8833072D27BA152A00FBC1EC /* HeaderView.swift */; };
		8833073027BA19D700FBC1EC /* sparky.m4v in Resources */ = {isa = PBXBuildFile; fileRef = 8833072F27BA19D700FBC1EC /* sparky.m4v */; };
		88A97F9E27C08D6600E56F2D /* banana.mp4 in Resources */ = {isa = PBXBuildFile; fileRef = 88A97FA027C08D6600E56F2D /* banana.mp4 */; };
		88A97FA127C08D9300E56F2D /* step-up.jpeg in Resources */ = {isa = PBXBuildFile; fileRef = 88A97FA327C08D9300E56F2D /* step-up.jpeg */; };
		88AA5F8427C081F400DD610E /* Exercise.swift in Sources */ = {isa = PBXBuildFile; fileRef = 88AA5F8327C081F400DD610E /* Exercise.swift */; };
		88AA5F8727C083FB00DD610E /* HistoryStore.swift in Sources */ = {isa = PBXBuildFile; fileRef = 88AA5F8627C083FB00DD610E /* HistoryStore.swift */; };
		88AA5F8927C086AD00DD610E /* HistoryStoreDevData.swift in Sources */ = {isa = PBXBuildFile; fileRef = 88AA5F8827C086AD00DD610E /* HistoryStoreDevData.swift */; };
		88AA5F8E27C0893200DD610E /* Localizable.strings in Resources */ = {isa = PBXBuildFile; fileRef = 88AA5F9027C0893200DD610E /* Localizable.strings */; };
		88C684E227CD9CA8006AE60A /* TimerView.swift in Sources */ = {isa = PBXBuildFile; fileRef = 88C684E127CD9CA8006AE60A /* TimerView.swift */; };
		88D258E727BA1F3E007AE9FF /* RatingView.swift in Sources */ = {isa = PBXBuildFile; fileRef = 88D258E627BA1F3E007AE9FF /* RatingView.swift */; };
		88D258E927BA279A007AE9FF /* HistoryView.swift in Sources */ = {isa = PBXBuildFile; fileRef = 88D258E827BA279A007AE9FF /* HistoryView.swift */; };
		88D258EB27BA2E9D007AE9FF /* DateExtension.swift in Sources */ = {isa = PBXBuildFile; fileRef = 88D258EA27BA2E9C007AE9FF /* DateExtension.swift */; };
		88D258EF27BA3320007AE9FF /* ImageExtension.swift in Sources */ = {isa = PBXBuildFile; fileRef = 88D258EE27BA3320007AE9FF /* ImageExtension.swift */; };
		88D258F127BA34B3007AE9FF /* SuccessView.swift in Sources */ = {isa = PBXBuildFile; fileRef = 88D258F027BA34B3007AE9FF /* SuccessView.swift */; };
		88D258F327BA39C0007AE9FF /* SuccessModal.swift in Sources */ = {isa = PBXBuildFile; fileRef = 88D258F227BA39C0007AE9FF /* SuccessModal.swift */; };
		88EA7AD427FB51AA0078D005 /* RaisedButton.swift in Sources */ = {isa = PBXBuildFile; fileRef = 88EA7AD327FB51AA0078D005 /* RaisedButton.swift */; };
		88EA7AD627FB5CC90078D005 /* EmbossedButton.swift in Sources */ = {isa = PBXBuildFile; fileRef = 88EA7AD527FB5CC90078D005 /* EmbossedButton.swift */; };
		88EA7AD827FB641F0078D005 /* ContainerView.swift in Sources */ = {isa = PBXBuildFile; fileRef = 88EA7AD727FB641F0078D005 /* ContainerView.swift */; };
		88EA7ADA27FB660F0078D005 /* WelcomeImages.swift in Sources */ = {isa = PBXBuildFile; fileRef = 88EA7AD927FB660F0078D005 /* WelcomeImages.swift */; };
		88EA7ADC27FB66F60078D005 /* GradientBackground.swift in Sources */ = {isa = PBXBuildFile; fileRef = 88EA7ADB27FB66F60078D005 /* GradientBackground.swift */; };
		88EA7ADE27FB699D0078D005 /* IndentView.swift in Sources */ = {isa = PBXBuildFile; fileRef = 88EA7ADD27FB699D0078D005 /* IndentView.swift */; };
/* End PBXBuildFile section */

/* Begin PBXContainerItemProxy section */
		8833070627BA071600FBC1EC /* PBXContainerItemProxy */ = {
			isa = PBXContainerItemProxy;
			containerPortal = 883306ED27BA071300FBC1EC /* Project object */;
			proxyType = 1;
			remoteGlobalIDString = 883306F427BA071300FBC1EC;
			remoteInfo = FirstApp;
		};
		8833071027BA071600FBC1EC /* PBXContainerItemProxy */ = {
			isa = PBXContainerItemProxy;
			containerPortal = 883306ED27BA071300FBC1EC /* Project object */;
			proxyType = 1;
			remoteGlobalIDString = 883306F427BA071300FBC1EC;
			remoteInfo = FirstApp;
		};
/* End PBXContainerItemProxy section */

/* Begin PBXFileReference section */
		883306F527BA071300FBC1EC /* FirstApp.app */ = {isa = PBXFileReference; explicitFileType = wrapper.application; includeInIndex = 0; path = FirstApp.app; sourceTree = BUILT_PRODUCTS_DIR; };
		883306F827BA071300FBC1EC /* FirstAppApp.swift */ = {isa = PBXFileReference; lastKnownFileType = sourcecode.swift; path = FirstAppApp.swift; sourceTree = "<group>"; };
		883306FA27BA071300FBC1EC /* ContentView.swift */ = {isa = PBXFileReference; lastKnownFileType = sourcecode.swift; path = ContentView.swift; sourceTree = "<group>"; };
		883306FC27BA071600FBC1EC /* Assets.xcassets */ = {isa = PBXFileReference; lastKnownFileType = folder.assetcatalog; path = Assets.xcassets; sourceTree = "<group>"; };
		883306FF27BA071600FBC1EC /* Preview Assets.xcassets */ = {isa = PBXFileReference; lastKnownFileType = folder.assetcatalog; path = "Preview Assets.xcassets"; sourceTree = "<group>"; };
		8833070527BA071600FBC1EC /* FirstAppTests.xctest */ = {isa = PBXFileReference; explicitFileType = wrapper.cfbundle; includeInIndex = 0; path = FirstAppTests.xctest; sourceTree = BUILT_PRODUCTS_DIR; };
		8833070927BA071600FBC1EC /* FirstAppTests.swift */ = {isa = PBXFileReference; lastKnownFileType = sourcecode.swift; path = FirstAppTests.swift; sourceTree = "<group>"; };
		8833070F27BA071600FBC1EC /* FirstAppUITests.xctest */ = {isa = PBXFileReference; explicitFileType = wrapper.cfbundle; includeInIndex = 0; path = FirstAppUITests.xctest; sourceTree = BUILT_PRODUCTS_DIR; };
		8833071327BA071600FBC1EC /* FirstAppUITests.swift */ = {isa = PBXFileReference; lastKnownFileType = sourcecode.swift; path = FirstAppUITests.swift; sourceTree = "<group>"; };
		8833071527BA071600FBC1EC /* FirstAppUITestsLaunchTests.swift */ = {isa = PBXFileReference; lastKnownFileType = sourcecode.swift; path = FirstAppUITestsLaunchTests.swift; sourceTree = "<group>"; };
		8833072627BA0AA900FBC1EC /* WelcomeView.swift */ = {isa = PBXFileReference; lastKnownFileType = sourcecode.swift; path = WelcomeView.swift; sourceTree = "<group>"; };
		8833072827BA0ABF00FBC1EC /* ExerciseView.swift */ = {isa = PBXFileReference; lastKnownFileType = sourcecode.swift; path = ExerciseView.swift; sourceTree = "<group>"; };
		8833072B27BA0BCB00FBC1EC /* sparky.m4v */ = {isa = PBXFileReference; lastKnownFileType = file; path = sparky.m4v; sourceTree = "<group>"; };
		8833072D27BA152A00FBC1EC /* HeaderView.swift */ = {isa = PBXFileReference; lastKnownFileType = sourcecode.swift; path = HeaderView.swift; sourceTree = "<group>"; };
		8833072F27BA19D700FBC1EC /* sparky.m4v */ = {isa = PBXFileReference; lastKnownFileType = file; path = sparky.m4v; sourceTree = "<group>"; };
		88A97F9D27C08CFF00E56F2D /* es */ = {isa = PBXFileReference; lastKnownFileType = text.plist.strings; name = es; path = es.lproj/Localizable.strings; sourceTree = "<group>"; };
		88A97F9F27C08D6600E56F2D /* Base */ = {isa = PBXFileReference; lastKnownFileType = file; name = Base; path = Base.lproj/banana.mp4; sourceTree = "<group>"; };
		88A97FA427C08D9600E56F2D /* es */ = {isa = PBXFileReference; lastKnownFileType = image.jpeg; name = es; path = "es.lproj/step-up.jpeg"; sourceTree = "<group>"; };
		88A97FA527C08E0F00E56F2D /* en */ = {isa = PBXFileReference; lastKnownFileType = image.jpeg; name = en; path = "en.lproj/step-up.jpeg"; sourceTree = "<group>"; };
		88A97FA627C08E2000E56F2D /* en */ = {isa = PBXFileReference; lastKnownFileType = file; name = en; path = en.lproj/banana.mp4; sourceTree = "<group>"; };
		88A97FA727C08E2400E56F2D /* es */ = {isa = PBXFileReference; lastKnownFileType = file; name = es; path = es.lproj/banana.mp4; sourceTree = "<group>"; };
		88AA5F8327C081F400DD610E /* Exercise.swift */ = {isa = PBXFileReference; lastKnownFileType = sourcecode.swift; path = Exercise.swift; sourceTree = "<group>"; };
		88AA5F8627C083FB00DD610E /* HistoryStore.swift */ = {isa = PBXFileReference; lastKnownFileType = sourcecode.swift; path = HistoryStore.swift; sourceTree = "<group>"; };
		88AA5F8827C086AD00DD610E /* HistoryStoreDevData.swift */ = {isa = PBXFileReference; lastKnownFileType = sourcecode.swift; path = HistoryStoreDevData.swift; sourceTree = "<group>"; };
		88AA5F8F27C0893200DD610E /* en */ = {isa = PBXFileReference; lastKnownFileType = text.plist.strings; name = en; path = en.lproj/Localizable.strings; sourceTree = "<group>"; };
		88C684E127CD9CA8006AE60A /* TimerView.swift */ = {isa = PBXFileReference; lastKnownFileType = sourcecode.swift; path = TimerView.swift; sourceTree = "<group>"; };
		88D258E627BA1F3E007AE9FF /* RatingView.swift */ = {isa = PBXFileReference; lastKnownFileType = sourcecode.swift; path = RatingView.swift; sourceTree = "<group>"; };
		88D258E827BA279A007AE9FF /* HistoryView.swift */ = {isa = PBXFileReference; lastKnownFileType = sourcecode.swift; path = HistoryView.swift; sourceTree = "<group>"; };
		88D258EA27BA2E9C007AE9FF /* DateExtension.swift */ = {isa = PBXFileReference; lastKnownFileType = sourcecode.swift; path = DateExtension.swift; sourceTree = "<group>"; };
		88D258EE27BA3320007AE9FF /* ImageExtension.swift */ = {isa = PBXFileReference; lastKnownFileType = sourcecode.swift; path = ImageExtension.swift; sourceTree = "<group>"; };
		88D258F027BA34B3007AE9FF /* SuccessView.swift */ = {isa = PBXFileReference; lastKnownFileType = sourcecode.swift; path = SuccessView.swift; sourceTree = "<group>"; };
		88D258F227BA39C0007AE9FF /* SuccessModal.swift */ = {isa = PBXFileReference; lastKnownFileType = sourcecode.swift; path = SuccessModal.swift; sourceTree = "<group>"; };
		88EA7AD327FB51AA0078D005 /* RaisedButton.swift */ = {isa = PBXFileReference; lastKnownFileType = sourcecode.swift; path = RaisedButton.swift; sourceTree = "<group>"; };
		88EA7AD527FB5CC90078D005 /* EmbossedButton.swift */ = {isa = PBXFileReference; lastKnownFileType = sourcecode.swift; path = EmbossedButton.swift; sourceTree = "<group>"; };
		88EA7AD727FB641F0078D005 /* ContainerView.swift */ = {isa = PBXFileReference; lastKnownFileType = sourcecode.swift; path = ContainerView.swift; sourceTree = "<group>"; };
		88EA7AD927FB660F0078D005 /* WelcomeImages.swift */ = {isa = PBXFileReference; fileEncoding = 4; lastKnownFileType = sourcecode.swift; path = WelcomeImages.swift; sourceTree = "<group>"; };
		88EA7ADB27FB66F60078D005 /* GradientBackground.swift */ = {isa = PBXFileReference; lastKnownFileType = sourcecode.swift; path = GradientBackground.swift; sourceTree = "<group>"; };
		88EA7ADD27FB699D0078D005 /* IndentView.swift */ = {isa = PBXFileReference; lastKnownFileType = sourcecode.swift; path = IndentView.swift; sourceTree = "<group>"; };
/* End PBXFileReference section */

/* Begin PBXFrameworksBuildPhase section */
		883306F227BA071300FBC1EC /* Frameworks */ = {
			isa = PBXFrameworksBuildPhase;
			buildActionMask = 2147483647;
			files = (
			);
			runOnlyForDeploymentPostprocessing = 0;
		};
		8833070227BA071600FBC1EC /* Frameworks */ = {
			isa = PBXFrameworksBuildPhase;
			buildActionMask = 2147483647;
			files = (
			);
			runOnlyForDeploymentPostprocessing = 0;
		};
		8833070C27BA071600FBC1EC /* Frameworks */ = {
			isa = PBXFrameworksBuildPhase;
			buildActionMask = 2147483647;
			files = (
			);
			runOnlyForDeploymentPostprocessing = 0;
		};
/* End PBXFrameworksBuildPhase section */

/* Begin PBXGroup section */
		883306EC27BA071300FBC1EC = {
			isa = PBXGroup;
			children = (
				883306F727BA071300FBC1EC /* FirstApp */,
				8833070827BA071600FBC1EC /* FirstAppTests */,
				8833071227BA071600FBC1EC /* FirstAppUITests */,
				8833072B27BA0BCB00FBC1EC /* sparky.m4v */,
				8833072F27BA19D700FBC1EC /* sparky.m4v */,
				88A97FA027C08D6600E56F2D /* banana.mp4 */,
				88A97FA327C08D9300E56F2D /* step-up.jpeg */,
				883306F627BA071300FBC1EC /* Products */,
			);
			sourceTree = "<group>";
		};
		883306F627BA071300FBC1EC /* Products */ = {
			isa = PBXGroup;
			children = (
				883306F527BA071300FBC1EC /* FirstApp.app */,
				8833070527BA071600FBC1EC /* FirstAppTests.xctest */,
				8833070F27BA071600FBC1EC /* FirstAppUITests.xctest */,
			);
			name = Products;
			sourceTree = "<group>";
		};
		883306F727BA071300FBC1EC /* FirstApp */ = {
			isa = PBXGroup;
			children = (
				88AA5F8527C083E300DD610E /* Model */,
				88D258EA27BA2E9C007AE9FF /* DateExtension.swift */,
				88D258EE27BA3320007AE9FF /* ImageExtension.swift */,
				883306F827BA071300FBC1EC /* FirstAppApp.swift */,
				88AA5F9027C0893200DD610E /* Localizable.strings */,
				8833072A27BA0ACD00FBC1EC /* Views */,
				883306FC27BA071600FBC1EC /* Assets.xcassets */,
				883306FE27BA071600FBC1EC /* Preview Content */,
			);
			path = FirstApp;
			sourceTree = "<group>";
		};
		883306FE27BA071600FBC1EC /* Preview Content */ = {
			isa = PBXGroup;
			children = (
				883306FF27BA071600FBC1EC /* Preview Assets.xcassets */,
				88AA5F8827C086AD00DD610E /* HistoryStoreDevData.swift */,
			);
			path = "Preview Content";
			sourceTree = "<group>";
		};
		8833070827BA071600FBC1EC /* FirstAppTests */ = {
			isa = PBXGroup;
			children = (
				8833070927BA071600FBC1EC /* FirstAppTests.swift */,
			);
			path = FirstAppTests;
			sourceTree = "<group>";
		};
		8833071227BA071600FBC1EC /* FirstAppUITests */ = {
			isa = PBXGroup;
			children = (
				8833071327BA071600FBC1EC /* FirstAppUITests.swift */,
				8833071527BA071600FBC1EC /* FirstAppUITestsLaunchTests.swift */,
			);
			path = FirstAppUITests;
			sourceTree = "<group>";
		};
		8833072A27BA0ACD00FBC1EC /* Views */ = {
			isa = PBXGroup;
			children = (
				883306FA27BA071300FBC1EC /* ContentView.swift */,
				88EA7AD927FB660F0078D005 /* WelcomeImages.swift */,
				88D258E627BA1F3E007AE9FF /* RatingView.swift */,
				8833072827BA0ABF00FBC1EC /* ExerciseView.swift */,
				88D258E827BA279A007AE9FF /* HistoryView.swift */,
				8833072D27BA152A00FBC1EC /* HeaderView.swift */,
				8833072627BA0AA900FBC1EC /* WelcomeView.swift */,
				88D258F027BA34B3007AE9FF /* SuccessView.swift */,
				88D258F227BA39C0007AE9FF /* SuccessModal.swift */,
				88C684E127CD9CA8006AE60A /* TimerView.swift */,
				88EA7AD327FB51AA0078D005 /* RaisedButton.swift */,
				88EA7AD527FB5CC90078D005 /* EmbossedButton.swift */,
				88EA7AD727FB641F0078D005 /* ContainerView.swift */,
				88EA7ADB27FB66F60078D005 /* GradientBackground.swift */,
				88EA7ADD27FB699D0078D005 /* IndentView.swift */,
			);
			path = Views;
			sourceTree = "<group>";
		};
		88AA5F8527C083E300DD610E /* Model */ = {
			isa = PBXGroup;
			children = (
				88AA5F8327C081F400DD610E /* Exercise.swift */,
				88AA5F8627C083FB00DD610E /* HistoryStore.swift */,
			);
			path = Model;
			sourceTree = "<group>";
		};
/* End PBXGroup section */

/* Begin PBXNativeTarget section */
		883306F427BA071300FBC1EC /* FirstApp */ = {
			isa = PBXNativeTarget;
			buildConfigurationList = 8833071927BA071600FBC1EC /* Build configuration list for PBXNativeTarget "FirstApp" */;
			buildPhases = (
				883306F127BA071300FBC1EC /* Sources */,
				883306F227BA071300FBC1EC /* Frameworks */,
				883306F327BA071300FBC1EC /* Resources */,
			);
			buildRules = (
			);
			dependencies = (
			);
			name = FirstApp;
			productName = FirstApp;
			productReference = 883306F527BA071300FBC1EC /* FirstApp.app */;
			productType = "com.apple.product-type.application";
		};
		8833070427BA071600FBC1EC /* FirstAppTests */ = {
			isa = PBXNativeTarget;
			buildConfigurationList = 8833071C27BA071600FBC1EC /* Build configuration list for PBXNativeTarget "FirstAppTests" */;
			buildPhases = (
				8833070127BA071600FBC1EC /* Sources */,
				8833070227BA071600FBC1EC /* Frameworks */,
				8833070327BA071600FBC1EC /* Resources */,
			);
			buildRules = (
			);
			dependencies = (
				8833070727BA071600FBC1EC /* PBXTargetDependency */,
			);
			name = FirstAppTests;
			productName = FirstAppTests;
			productReference = 8833070527BA071600FBC1EC /* FirstAppTests.xctest */;
			productType = "com.apple.product-type.bundle.unit-test";
		};
		8833070E27BA071600FBC1EC /* FirstAppUITests */ = {
			isa = PBXNativeTarget;
			buildConfigurationList = 8833071F27BA071600FBC1EC /* Build configuration list for PBXNativeTarget "FirstAppUITests" */;
			buildPhases = (
				8833070B27BA071600FBC1EC /* Sources */,
				8833070C27BA071600FBC1EC /* Frameworks */,
				8833070D27BA071600FBC1EC /* Resources */,
			);
			buildRules = (
			);
			dependencies = (
				8833071127BA071600FBC1EC /* PBXTargetDependency */,
			);
			name = FirstAppUITests;
			productName = FirstAppUITests;
			productReference = 8833070F27BA071600FBC1EC /* FirstAppUITests.xctest */;
			productType = "com.apple.product-type.bundle.ui-testing";
		};
/* End PBXNativeTarget section */

/* Begin PBXProject section */
		883306ED27BA071300FBC1EC /* Project object */ = {
			isa = PBXProject;
			attributes = {
				BuildIndependentTargetsInParallel = 1;
				LastSwiftUpdateCheck = 1330;
				LastUpgradeCheck = 1330;
				TargetAttributes = {
					883306F427BA071300FBC1EC = {
						CreatedOnToolsVersion = 13.3;
					};
					8833070427BA071600FBC1EC = {
						CreatedOnToolsVersion = 13.3;
						TestTargetID = 883306F427BA071300FBC1EC;
					};
					8833070E27BA071600FBC1EC = {
						CreatedOnToolsVersion = 13.3;
						TestTargetID = 883306F427BA071300FBC1EC;
					};
				};
			};
			buildConfigurationList = 883306F027BA071300FBC1EC /* Build configuration list for PBXProject "FirstApp" */;
			compatibilityVersion = "Xcode 13.0";
			developmentRegion = en;
			hasScannedForEncodings = 0;
			knownRegions = (
				en,
				Base,
				es,
			);
			mainGroup = 883306EC27BA071300FBC1EC;
			productRefGroup = 883306F627BA071300FBC1EC /* Products */;
			projectDirPath = "";
			projectRoot = "";
			targets = (
				883306F427BA071300FBC1EC /* FirstApp */,
				8833070427BA071600FBC1EC /* FirstAppTests */,
				8833070E27BA071600FBC1EC /* FirstAppUITests */,
			);
		};
/* End PBXProject section */

/* Begin PBXResourcesBuildPhase section */
		883306F327BA071300FBC1EC /* Resources */ = {
			isa = PBXResourcesBuildPhase;
			buildActionMask = 2147483647;
			files = (
				8833072C27BA0BCB00FBC1EC /* sparky.m4v in Resources */,
				8833073027BA19D700FBC1EC /* sparky.m4v in Resources */,
				88A97FA127C08D9300E56F2D /* step-up.jpeg in Resources */,
				88AA5F8E27C0893200DD610E /* Localizable.strings in Resources */,
				8833070027BA071600FBC1EC /* Preview Assets.xcassets in Resources */,
				883306FD27BA071600FBC1EC /* Assets.xcassets in Resources */,
				88A97F9E27C08D6600E56F2D /* banana.mp4 in Resources */,
			);
			runOnlyForDeploymentPostprocessing = 0;
		};
		8833070327BA071600FBC1EC /* Resources */ = {
			isa = PBXResourcesBuildPhase;
			buildActionMask = 2147483647;
			files = (
			);
			runOnlyForDeploymentPostprocessing = 0;
		};
		8833070D27BA071600FBC1EC /* Resources */ = {
			isa = PBXResourcesBuildPhase;
			buildActionMask = 2147483647;
			files = (
			);
			runOnlyForDeploymentPostprocessing = 0;
		};
/* End PBXResourcesBuildPhase section */

/* Begin PBXSourcesBuildPhase section */
		883306F127BA071300FBC1EC /* Sources */ = {
			isa = PBXSourcesBuildPhase;
			buildActionMask = 2147483647;
			files = (
				88C684E227CD9CA8006AE60A /* TimerView.swift in Sources */,
				88EA7AD427FB51AA0078D005 /* RaisedButton.swift in Sources */,
				88EA7AD827FB641F0078D005 /* ContainerView.swift in Sources */,
				88D258E927BA279A007AE9FF /* HistoryView.swift in Sources */,
				88D258EB27BA2E9D007AE9FF /* DateExtension.swift in Sources */,
				88EA7ADC27FB66F60078D005 /* GradientBackground.swift in Sources */,
				88D258F127BA34B3007AE9FF /* SuccessView.swift in Sources */,
				8833072E27BA152A00FBC1EC /* HeaderView.swift in Sources */,
				8833072927BA0ABF00FBC1EC /* ExerciseView.swift in Sources */,
				88EA7ADA27FB660F0078D005 /* WelcomeImages.swift in Sources */,
				88AA5F8427C081F400DD610E /* Exercise.swift in Sources */,
				883306FB27BA071300FBC1EC /* ContentView.swift in Sources */,
				88AA5F8727C083FB00DD610E /* HistoryStore.swift in Sources */,
				88D258E727BA1F3E007AE9FF /* RatingView.swift in Sources */,
				88EA7ADE27FB699D0078D005 /* IndentView.swift in Sources */,
				88D258F327BA39C0007AE9FF /* SuccessModal.swift in Sources */,
				88AA5F8927C086AD00DD610E /* HistoryStoreDevData.swift in Sources */,
				8833072727BA0AA900FBC1EC /* WelcomeView.swift in Sources */,
				88D258EF27BA3320007AE9FF /* ImageExtension.swift in Sources */,
				88EA7AD627FB5CC90078D005 /* EmbossedButton.swift in Sources */,
				883306F927BA071300FBC1EC /* FirstAppApp.swift in Sources */,
			);
			runOnlyForDeploymentPostprocessing = 0;
		};
		8833070127BA071600FBC1EC /* Sources */ = {
			isa = PBXSourcesBuildPhase;
			buildActionMask = 2147483647;
			files = (
				8833070A27BA071600FBC1EC /* FirstAppTests.swift in Sources */,
			);
			runOnlyForDeploymentPostprocessing = 0;
		};
		8833070B27BA071600FBC1EC /* Sources */ = {
			isa = PBXSourcesBuildPhase;
			buildActionMask = 2147483647;
			files = (
				8833071627BA071600FBC1EC /* FirstAppUITestsLaunchTests.swift in Sources */,
				8833071427BA071600FBC1EC /* FirstAppUITests.swift in Sources */,
			);
			runOnlyForDeploymentPostprocessing = 0;
		};
/* End PBXSourcesBuildPhase section */

/* Begin PBXTargetDependency section */
		8833070727BA071600FBC1EC /* PBXTargetDependency */ = {
			isa = PBXTargetDependency;
			target = 883306F427BA071300FBC1EC /* FirstApp */;
			targetProxy = 8833070627BA071600FBC1EC /* PBXContainerItemProxy */;
		};
		8833071127BA071600FBC1EC /* PBXTargetDependency */ = {
			isa = PBXTargetDependency;
			target = 883306F427BA071300FBC1EC /* FirstApp */;
			targetProxy = 8833071027BA071600FBC1EC /* PBXContainerItemProxy */;
		};
/* End PBXTargetDependency section */

/* Begin PBXVariantGroup section */
		88A97FA027C08D6600E56F2D /* banana.mp4 */ = {
			isa = PBXVariantGroup;
			children = (
				88A97F9F27C08D6600E56F2D /* Base */,
				88A97FA627C08E2000E56F2D /* en */,
				88A97FA727C08E2400E56F2D /* es */,
			);
			name = banana.mp4;
			sourceTree = "<group>";
		};
		88A97FA327C08D9300E56F2D /* step-up.jpeg */ = {
			isa = PBXVariantGroup;
			children = (
				88A97FA427C08D9600E56F2D /* es */,
				88A97FA527C08E0F00E56F2D /* en */,
			);
			name = "step-up.jpeg";
			sourceTree = "<group>";
		};
		88AA5F9027C0893200DD610E /* Localizable.strings */ = {
			isa = PBXVariantGroup;
			children = (
				88AA5F8F27C0893200DD610E /* en */,
				88A97F9D27C08CFF00E56F2D /* es */,
			);
			name = Localizable.strings;
			sourceTree = "<group>";
		};
/* End PBXVariantGroup section */

/* Begin XCBuildConfiguration section */
		8833071727BA071600FBC1EC /* Debug */ = {
			isa = XCBuildConfiguration;
			buildSettings = {
				ALWAYS_SEARCH_USER_PATHS = NO;
				CLANG_ANALYZER_LOCALIZABILITY_NONLOCALIZED = YES;
				CLANG_ANALYZER_NONNULL = YES;
				CLANG_ANALYZER_NUMBER_OBJECT_CONVERSION = YES_AGGRESSIVE;
				CLANG_CXX_LANGUAGE_STANDARD = "gnu++17";
				CLANG_ENABLE_MODULES = YES;
				CLANG_ENABLE_OBJC_ARC = YES;
				CLANG_ENABLE_OBJC_WEAK = YES;
				CLANG_WARN_BLOCK_CAPTURE_AUTORELEASING = YES;
				CLANG_WARN_BOOL_CONVERSION = YES;
				CLANG_WARN_COMMA = YES;
				CLANG_WARN_CONSTANT_CONVERSION = YES;
				CLANG_WARN_DEPRECATED_OBJC_IMPLEMENTATIONS = YES;
				CLANG_WARN_DIRECT_OBJC_ISA_USAGE = YES_ERROR;
				CLANG_WARN_DOCUMENTATION_COMMENTS = YES;
				CLANG_WARN_EMPTY_BODY = YES;
				CLANG_WARN_ENUM_CONVERSION = YES;
				CLANG_WARN_INFINITE_RECURSION = YES;
				CLANG_WARN_INT_CONVERSION = YES;
				CLANG_WARN_NON_LITERAL_NULL_CONVERSION = YES;
				CLANG_WARN_OBJC_IMPLICIT_RETAIN_SELF = YES;
				CLANG_WARN_OBJC_LITERAL_CONVERSION = YES;
				CLANG_WARN_OBJC_ROOT_CLASS = YES_ERROR;
				CLANG_WARN_QUOTED_INCLUDE_IN_FRAMEWORK_HEADER = YES;
				CLANG_WARN_RANGE_LOOP_ANALYSIS = YES;
				CLANG_WARN_STRICT_PROTOTYPES = YES;
				CLANG_WARN_SUSPICIOUS_MOVE = YES;
				CLANG_WARN_UNGUARDED_AVAILABILITY = YES_AGGRESSIVE;
				CLANG_WARN_UNREACHABLE_CODE = YES;
				CLANG_WARN__DUPLICATE_METHOD_MATCH = YES;
				COPY_PHASE_STRIP = NO;
				DEBUG_INFORMATION_FORMAT = dwarf;
				ENABLE_STRICT_OBJC_MSGSEND = YES;
				ENABLE_TESTABILITY = YES;
				GCC_C_LANGUAGE_STANDARD = gnu11;
				GCC_DYNAMIC_NO_PIC = NO;
				GCC_NO_COMMON_BLOCKS = YES;
				GCC_OPTIMIZATION_LEVEL = 0;
				GCC_PREPROCESSOR_DEFINITIONS = (
					"DEBUG=1",
					"$(inherited)",
				);
				GCC_WARN_64_TO_32_BIT_CONVERSION = YES;
				GCC_WARN_ABOUT_RETURN_TYPE = YES_ERROR;
				GCC_WARN_UNDECLARED_SELECTOR = YES;
				GCC_WARN_UNINITIALIZED_AUTOS = YES_AGGRESSIVE;
				GCC_WARN_UNUSED_FUNCTION = YES;
				GCC_WARN_UNUSED_VARIABLE = YES;
				IPHONEOS_DEPLOYMENT_TARGET = 15.4;
				MTL_ENABLE_DEBUG_INFO = INCLUDE_SOURCE;
				MTL_FAST_MATH = YES;
				ONLY_ACTIVE_ARCH = YES;
				SDKROOT = iphoneos;
				SWIFT_ACTIVE_COMPILATION_CONDITIONS = DEBUG;
				SWIFT_OPTIMIZATION_LEVEL = "-Onone";
			};
			name = Debug;
		};
		8833071827BA071600FBC1EC /* Release */ = {
			isa = XCBuildConfiguration;
			buildSettings = {
				ALWAYS_SEARCH_USER_PATHS = NO;
				CLANG_ANALYZER_LOCALIZABILITY_NONLOCALIZED = YES;
				CLANG_ANALYZER_NONNULL = YES;
				CLANG_ANALYZER_NUMBER_OBJECT_CONVERSION = YES_AGGRESSIVE;
				CLANG_CXX_LANGUAGE_STANDARD = "gnu++17";
				CLANG_ENABLE_MODULES = YES;
				CLANG_ENABLE_OBJC_ARC = YES;
				CLANG_ENABLE_OBJC_WEAK = YES;
				CLANG_WARN_BLOCK_CAPTURE_AUTORELEASING = YES;
				CLANG_WARN_BOOL_CONVERSION = YES;
				CLANG_WARN_COMMA = YES;
				CLANG_WARN_CONSTANT_CONVERSION = YES;
				CLANG_WARN_DEPRECATED_OBJC_IMPLEMENTATIONS = YES;
				CLANG_WARN_DIRECT_OBJC_ISA_USAGE = YES_ERROR;
				CLANG_WARN_DOCUMENTATION_COMMENTS = YES;
				CLANG_WARN_EMPTY_BODY = YES;
				CLANG_WARN_ENUM_CONVERSION = YES;
				CLANG_WARN_INFINITE_RECURSION = YES;
				CLANG_WARN_INT_CONVERSION = YES;
				CLANG_WARN_NON_LITERAL_NULL_CONVERSION = YES;
				CLANG_WARN_OBJC_IMPLICIT_RETAIN_SELF = YES;
				CLANG_WARN_OBJC_LITERAL_CONVERSION = YES;
				CLANG_WARN_OBJC_ROOT_CLASS = YES_ERROR;
				CLANG_WARN_QUOTED_INCLUDE_IN_FRAMEWORK_HEADER = YES;
				CLANG_WARN_RANGE_LOOP_ANALYSIS = YES;
				CLANG_WARN_STRICT_PROTOTYPES = YES;
				CLANG_WARN_SUSPICIOUS_MOVE = YES;
				CLANG_WARN_UNGUARDED_AVAILABILITY = YES_AGGRESSIVE;
				CLANG_WARN_UNREACHABLE_CODE = YES;
				CLANG_WARN__DUPLICATE_METHOD_MATCH = YES;
				COPY_PHASE_STRIP = NO;
				DEBUG_INFORMATION_FORMAT = "dwarf-with-dsym";
				ENABLE_NS_ASSERTIONS = NO;
				ENABLE_STRICT_OBJC_MSGSEND = YES;
				GCC_C_LANGUAGE_STANDARD = gnu11;
				GCC_NO_COMMON_BLOCKS = YES;
				GCC_WARN_64_TO_32_BIT_CONVERSION = YES;
				GCC_WARN_ABOUT_RETURN_TYPE = YES_ERROR;
				GCC_WARN_UNDECLARED_SELECTOR = YES;
				GCC_WARN_UNINITIALIZED_AUTOS = YES_AGGRESSIVE;
				GCC_WARN_UNUSED_FUNCTION = YES;
				GCC_WARN_UNUSED_VARIABLE = YES;
				IPHONEOS_DEPLOYMENT_TARGET = 15.4;
				MTL_ENABLE_DEBUG_INFO = NO;
				MTL_FAST_MATH = YES;
				SDKROOT = iphoneos;
				SWIFT_COMPILATION_MODE = wholemodule;
				SWIFT_OPTIMIZATION_LEVEL = "-O";
				VALIDATE_PRODUCT = YES;
			};
			name = Release;
		};
		8833071A27BA071600FBC1EC /* Debug */ = {
			isa = XCBuildConfiguration;
			buildSettings = {
				ASSETCATALOG_COMPILER_APPICON_NAME = AppIcon;
				ASSETCATALOG_COMPILER_GLOBAL_ACCENT_COLOR_NAME = AccentColor;
				CODE_SIGN_STYLE = Automatic;
				CURRENT_PROJECT_VERSION = 1;
				DEVELOPMENT_ASSET_PATHS = "\"FirstApp/Preview Content\"";
				ENABLE_PREVIEWS = YES;
				GENERATE_INFOPLIST_FILE = YES;
				INFOPLIST_KEY_UIApplicationSceneManifest_Generation = YES;
				INFOPLIST_KEY_UIApplicationSupportsIndirectInputEvents = YES;
				INFOPLIST_KEY_UILaunchScreen_Generation = YES;
				INFOPLIST_KEY_UISupportedInterfaceOrientations_iPad = "UIInterfaceOrientationPortrait UIInterfaceOrientationPortraitUpsideDown UIInterfaceOrientationLandscapeLeft UIInterfaceOrientationLandscapeRight";
				INFOPLIST_KEY_UISupportedInterfaceOrientations_iPhone = "UIInterfaceOrientationPortrait UIInterfaceOrientationLandscapeLeft UIInterfaceOrientationLandscapeRight";
				LD_RUNPATH_SEARCH_PATHS = (
					"$(inherited)",
					"@executable_path/Frameworks",
				);
				MARKETING_VERSION = 1.0;
				PRODUCT_BUNDLE_IDENTIFIER = com.khainguyen.FirstApp;
				PRODUCT_NAME = "$(TARGET_NAME)";
				SWIFT_EMIT_LOC_STRINGS = YES;
				SWIFT_VERSION = 5.0;
				TARGETED_DEVICE_FAMILY = "1,2";
			};
			name = Debug;
		};
		8833071B27BA071600FBC1EC /* Release */ = {
			isa = XCBuildConfiguration;
			buildSettings = {
				ASSETCATALOG_COMPILER_APPICON_NAME = AppIcon;
				ASSETCATALOG_COMPILER_GLOBAL_ACCENT_COLOR_NAME = AccentColor;
				CODE_SIGN_STYLE = Automatic;
				CURRENT_PROJECT_VERSION = 1;
				DEVELOPMENT_ASSET_PATHS = "\"FirstApp/Preview Content\"";
				ENABLE_PREVIEWS = YES;
				GENERATE_INFOPLIST_FILE = YES;
				INFOPLIST_KEY_UIApplicationSceneManifest_Generation = YES;
				INFOPLIST_KEY_UIApplicationSupportsIndirectInputEvents = YES;
				INFOPLIST_KEY_UILaunchScreen_Generation = YES;
				INFOPLIST_KEY_UISupportedInterfaceOrientations_iPad = "UIInterfaceOrientationPortrait UIInterfaceOrientationPortraitUpsideDown UIInterfaceOrientationLandscapeLeft UIInterfaceOrientationLandscapeRight";
				INFOPLIST_KEY_UISupportedInterfaceOrientations_iPhone = "UIInterfaceOrientationPortrait UIInterfaceOrientationLandscapeLeft UIInterfaceOrientationLandscapeRight";
				LD_RUNPATH_SEARCH_PATHS = (
					"$(inherited)",
					"@executable_path/Frameworks",
				);
				MARKETING_VERSION = 1.0;
				PRODUCT_BUNDLE_IDENTIFIER = com.khainguyen.FirstApp;
				PRODUCT_NAME = "$(TARGET_NAME)";
				SWIFT_EMIT_LOC_STRINGS = YES;
				SWIFT_VERSION = 5.0;
				TARGETED_DEVICE_FAMILY = "1,2";
			};
			name = Release;
		};
		8833071D27BA071600FBC1EC /* Debug */ = {
			isa = XCBuildConfiguration;
			buildSettings = {
				ALWAYS_EMBED_SWIFT_STANDARD_LIBRARIES = YES;
				BUNDLE_LOADER = "$(TEST_HOST)";
				CODE_SIGN_STYLE = Automatic;
				CURRENT_PROJECT_VERSION = 1;
				GENERATE_INFOPLIST_FILE = YES;
				IPHONEOS_DEPLOYMENT_TARGET = 15.4;
				MARKETING_VERSION = 1.0;
				PRODUCT_BUNDLE_IDENTIFIER = com.khainguyen.FirstAppTests;
				PRODUCT_NAME = "$(TARGET_NAME)";
				SWIFT_EMIT_LOC_STRINGS = NO;
				SWIFT_VERSION = 5.0;
				TARGETED_DEVICE_FAMILY = "1,2";
				TEST_HOST = "$(BUILT_PRODUCTS_DIR)/FirstApp.app/FirstApp";
			};
			name = Debug;
		};
		8833071E27BA071600FBC1EC /* Release */ = {
			isa = XCBuildConfiguration;
			buildSettings = {
				ALWAYS_EMBED_SWIFT_STANDARD_LIBRARIES = YES;
				BUNDLE_LOADER = "$(TEST_HOST)";
				CODE_SIGN_STYLE = Automatic;
				CURRENT_PROJECT_VERSION = 1;
				GENERATE_INFOPLIST_FILE = YES;
				IPHONEOS_DEPLOYMENT_TARGET = 15.4;
				MARKETING_VERSION = 1.0;
				PRODUCT_BUNDLE_IDENTIFIER = com.khainguyen.FirstAppTests;
				PRODUCT_NAME = "$(TARGET_NAME)";
				SWIFT_EMIT_LOC_STRINGS = NO;
				SWIFT_VERSION = 5.0;
				TARGETED_DEVICE_FAMILY = "1,2";
				TEST_HOST = "$(BUILT_PRODUCTS_DIR)/FirstApp.app/FirstApp";
			};
			name = Release;
		};
		8833072027BA071600FBC1EC /* Debug */ = {
			isa = XCBuildConfiguration;
			buildSettings = {
				ALWAYS_EMBED_SWIFT_STANDARD_LIBRARIES = YES;
				CODE_SIGN_STYLE = Automatic;
				CURRENT_PROJECT_VERSION = 1;
				GENERATE_INFOPLIST_FILE = YES;
				MARKETING_VERSION = 1.0;
				PRODUCT_BUNDLE_IDENTIFIER = com.khainguyen.FirstAppUITests;
				PRODUCT_NAME = "$(TARGET_NAME)";
				SWIFT_EMIT_LOC_STRINGS = NO;
				SWIFT_VERSION = 5.0;
				TARGETED_DEVICE_FAMILY = "1,2";
				TEST_TARGET_NAME = FirstApp;
			};
			name = Debug;
		};
		8833072127BA071600FBC1EC /* Release */ = {
			isa = XCBuildConfiguration;
			buildSettings = {
				ALWAYS_EMBED_SWIFT_STANDARD_LIBRARIES = YES;
				CODE_SIGN_STYLE = Automatic;
				CURRENT_PROJECT_VERSION = 1;
				GENERATE_INFOPLIST_FILE = YES;
				MARKETING_VERSION = 1.0;
				PRODUCT_BUNDLE_IDENTIFIER = com.khainguyen.FirstAppUITests;
				PRODUCT_NAME = "$(TARGET_NAME)";
				SWIFT_EMIT_LOC_STRINGS = NO;
				SWIFT_VERSION = 5.0;
				TARGETED_DEVICE_FAMILY = "1,2";
				TEST_TARGET_NAME = FirstApp;
			};
			name = Release;
		};
/* End XCBuildConfiguration section */

/* Begin XCConfigurationList section */
		883306F027BA071300FBC1EC /* Build configuration list for PBXProject "FirstApp" */ = {
			isa = XCConfigurationList;
			buildConfigurations = (
				8833071727BA071600FBC1EC /* Debug */,
				8833071827BA071600FBC1EC /* Release */,
			);
			defaultConfigurationIsVisible = 0;
			defaultConfigurationName = Release;
		};
		8833071927BA071600FBC1EC /* Build configuration list for PBXNativeTarget "FirstApp" */ = {
			isa = XCConfigurationList;
			buildConfigurations = (
				8833071A27BA071600FBC1EC /* Debug */,
				8833071B27BA071600FBC1EC /* Release */,
			);
			defaultConfigurationIsVisible = 0;
			defaultConfigurationName = Release;
		};
		8833071C27BA071600FBC1EC /* Build configuration list for PBXNativeTarget "FirstAppTests" */ = {
			isa = XCConfigurationList;
			buildConfigurations = (
				8833071D27BA071600FBC1EC /* Debug */,
				8833071E27BA071600FBC1EC /* Release */,
			);
			defaultConfigurationIsVisible = 0;
			defaultConfigurationName = Release;
		};
		8833071F27BA071600FBC1EC /* Build configuration list for PBXNativeTarget "FirstAppUITests" */ = {
			isa = XCConfigurationList;
			buildConfigurations = (
				8833072027BA071600FBC1EC /* Debug */,
				8833072127BA071600FBC1EC /* Release */,
			);
			defaultConfigurationIsVisible = 0;
			defaultConfigurationName = Release;
		};
/* End XCConfigurationList section */
	};
	rootObject = 883306ED27BA071300FBC1EC /* Project object */;
}
